
Microsoft Visual Studio Solution File, Format Version 12.00
# Visual Studio Version 17
VisualStudioVersion = 17.13.35931.197
MinimumVisualStudioVersion = 10.0.40219.1
Project("{FAE04EC0-301F-11D3-BF4B-00C04F79EFBC}") = "Milo.Encoding", "Milo.Encoding.csproj", "{5B4702AB-A40D-4B2C-A186-E2A02CF94C44}"
EndProject
Project("{FAE04EC0-301F-11D3-BF4B-00C04F79EFBC}") = "Milo.Core", "..\..\Milo.Core\src\Milo.Core\Milo.Core.csproj", "{008F5D96-4BF2-0663-E2C6-ED420224A51E}"
EndProject
Global
	GlobalSection(SolutionConfigurationPlatforms) = preSolution
		Debug|Any CPU = Debug|Any CPU
		Release|Any CPU = Release|Any CPU
	EndGlobalSection
	GlobalSection(ProjectConfigurationPlatforms) = postSolution
		{5B4702AB-A40D-4B2C-A186-E2A02CF94C44}.Debug|Any CPU.ActiveCfg = Debug|Any CPU
		{5B4702AB-A40D-4B2C-A186-E2A02CF94C44}.Debug|Any CPU.Build.0 = Debug|Any CPU
		{5B4702AB-A40D-4B2C-A186-E2A02CF94C44}.Release|Any CPU.ActiveCfg = Release|Any CPU
		{5B4702AB-A40D-4B2C-A186-E2A02CF94C44}.Release|Any CPU.Build.0 = Release|Any CPU
		{008F5D96-4BF2-0663-E2C6-ED420224A51E}.Debug|Any CPU.ActiveCfg = Debug|Any CPU
		{008F5D96-4BF2-0663-E2C6-ED420224A51E}.Debug|Any CPU.Build.0 = Debug|Any CPU
		{008F5D96-4BF2-0663-E2C6-ED420224A51E}.Release|Any CPU.ActiveCfg = Release|Any CPU
		{008F5D96-4BF2-0663-E2C6-ED420224A51E}.Release|Any CPU.Build.0 = Release|Any CPU
	EndGlobalSection
	GlobalSection(SolutionProperties) = preSolution
		HideSolutionNode = FALSE
	EndGlobalSection
	GlobalSection(ExtensibilityGlobals) = postSolution
		SolutionGuid = {B6F40022-34D0-44D6-95E2-BB369283C784}
	EndGlobalSection
EndGlobal
